
Microsoft Visual Studio Solution File, Format Version 12.00
# Visual Studio 15
VisualStudioVersion = 15.0.28307.168
MinimumVisualStudioVersion = 10.0.40219.1
Project("{FAE04EC0-301F-11D3-BF4B-00C04F79EFBC}") = "IzmerPC", "IzmerPC\IzmerPC.csproj", "{FCC8DC68-1409-48C7-A9E2-8E77E2D4E74C}"
EndProject
Global
	GlobalSection(SolutionConfigurationPlatforms) = preSolution
		Debug|Any CPU = Debug|Any CPU
		Release|Any CPU = Release|Any CPU
	EndGlobalSection
	GlobalSection(ProjectConfigurationPlatforms) = postSolution
		{FCC8DC68-1409-48C7-A9E2-8E77E2D4E74C}.Debug|Any CPU.ActiveCfg = Debug|Any CPU
		{FCC8DC68-1409-48C7-A9E2-8E77E2D4E74C}.Debug|Any CPU.Build.0 = Debug|Any CPU
		{FCC8DC68-1409-48C7-A9E2-8E77E2D4E74C}.Release|Any CPU.ActiveCfg = Release|Any CPU
		{FCC8DC68-1409-48C7-A9E2-8E77E2D4E74C}.Release|Any CPU.Build.0 = Release|Any CPU
	EndGlobalSection
	GlobalSection(SolutionProperties) = preSolution
		HideSolutionNode = FALSE
	EndGlobalSection
	GlobalSection(ExtensibilityGlobals) = postSolution
		SolutionGuid = {EC68DA3F-79F9-47C1-8B6D-634E76F74F94}
	EndGlobalSection
EndGlobal
